
Microsoft Visual Studio Solution File, Format Version 12.00
# Visual Studio Version 16
VisualStudioVersion = 16.0.28729.10
MinimumVisualStudioVersion = 10.0.40219.1
Project("{FAE04EC0-301F-11D3-BF4B-00C04F79EFBC}") = "DinoGame", "DinoGame.csproj", "{F0E28E27-A0C0-4BC8-902E-06AFECEA4A34}"
EndProject
Global
	GlobalSection(SolutionConfigurationPlatforms) = preSolution
		Debug|Any CPU = Debug|Any CPU
		Release|Any CPU = Release|Any CPU
	EndGlobalSection
	GlobalSection(ProjectConfigurationPlatforms) = postSolution
		{F0E28E27-A0C0-4BC8-902E-06AFECEA4A34}.Debug|Any CPU.ActiveCfg = Debug|Any CPU
		{F0E28E27-A0C0-4BC8-902E-06AFECEA4A34}.Debug|Any CPU.Build.0 = Debug|Any CPU
		{F0E28E27-A0C0-4BC8-902E-06AFECEA4A34}.Release|Any CPU.ActiveCfg = Release|Any CPU
		{F0E28E27-A0C0-4BC8-902E-06AFECEA4A34}.Release|Any CPU.Build.0 = Release|Any CPU
	EndGlobalSection
	GlobalSection(SolutionProperties) = preSolution
		HideSolutionNode = FALSE
	EndGlobalSection
	GlobalSection(ExtensibilityGlobals) = postSolution
		SolutionGuid = {C1B14B64-38D2-448A-87F5-0DAC03FE10EA}
	EndGlobalSection
EndGlobal
